lockfileVersion: '9.0'

settings:
  autoInstallPeers: true
  excludeLinksFromLockfile: false

importers:

  .:
    dependencies:
      three:
        specifier: ^0.170.0
        version: 0.170.0

packages:

  three@0.170.0:
    resolution: {integrity: sha512-FQK+LEpYc0fBD+J8g6oSEyyNzjp+Q7Ks1C568WWaoMRLW+TkNNWmenWeGgJjV105Gd+p/2ql1ZcjYvNiPZBhuQ==, tarball: https://registry.npmmirror.com/three/-/three-0.170.0.tgz}

snapshots:

  three@0.170.0: {}
